// !$*UTF8*$!
{
	archiveVersion = 1;
	classes = {
	};
	objectVersion = 46;
	objects = {

/* Begin PBXBuildFile section */
		229D2DA01C4DF25000CB035A /* AppDelegate.swift in Sources */ = {isa = PBXBuildFile; fileRef = 229D2D9F1C4DF25000CB035A /* AppDelegate.swift */; };
		229D2DA21C4DF25000CB035A /* ViewController.swift in Sources */ = {isa = PBXBuildFile; fileRef = 229D2DA11C4DF25000CB035A /* ViewController.swift */; };
		229D2DA51C4DF25000CB035A /* Main.storyboard in Resources */ = {isa = PBXBuildFile; fileRef = 229D2DA31C4DF25000CB035A /* Main.storyboard */; };
		229D2DA71C4DF25000CB035A /* Assets.xcassets in Resources */ = {isa = PBXBuildFile; fileRef = 229D2DA61C4DF25000CB035A /* Assets.xcassets */; };
		229D2DAA1C4DF25000CB035A /* LaunchScreen.storyboard in Resources */ = {isa = PBXBuildFile; fileRef = 229D2DA81C4DF25000CB035A /* LaunchScreen.storyboard */; };
		229D2DB21C4E08D400CB035A /* AppState.swift in Sources */ = {isa = PBXBuildFile; fileRef = 229D2DB11C4E08D400CB035A /* AppState.swift */; };
		229D2DB81C4E0A5400CB035A /* Realm.framework in Frameworks */ = {isa = PBXBuildFile; fileRef = 229D2DB41C4E0A3F00CB035A /* Realm.framework */; };
		229D2DB91C4E0A5400CB035A /* Realm.framework in Embed Frameworks */ = {isa = PBXBuildFile; fileRef = 229D2DB41C4E0A3F00CB035A /* Realm.framework */; settings = {ATTRIBUTES = (CodeSignOnCopy, RemoveHeadersOnCopy, ); }; };
		229D2DBA1C4E0A5400CB035A /* RealmSwift.framework in Frameworks */ = {isa = PBXBuildFile; fileRef = 229D2DB51C4E0A3F00CB035A /* RealmSwift.framework */; };
		229D2DBB1C4E0A5400CB035A /* RealmSwift.framework in Embed Frameworks */ = {isa = PBXBuildFile; fileRef = 229D2DB51C4E0A3F00CB035A /* RealmSwift.framework */; settings = {ATTRIBUTES = (CodeSignOnCopy, RemoveHeadersOnCopy, ); }; };
		229D2DBE1C4E0AAB00CB035A /* Models.swift in Sources */ = {isa = PBXBuildFile; fileRef = 229D2DBD1C4E0AAB00CB035A /* Models.swift */; };
/* End PBXBuildFile section */

/* Begin PBXCopyFilesBuildPhase section */
		229D2DBC1C4E0A5400CB035A /* Embed Frameworks */ = {
			isa = PBXCopyFilesBuildPhase;
			buildActionMask = 2147483647;
			dstPath = "";
			dstSubfolderSpec = 10;
			files = (
				229D2DBB1C4E0A5400CB035A /* RealmSwift.framework in Embed Frameworks */,
				229D2DB91C4E0A5400CB035A /* Realm.framework in Embed Frameworks */,
			);
			name = "Embed Frameworks";
			runOnlyForDeploymentPostprocessing = 0;
		};
/* End PBXCopyFilesBuildPhase section */

/* Begin PBXFileReference section */
		229D2D9C1C4DF25000CB035A /* TimeTracker.app */ = {isa = PBXFileReference; explicitFileType = wrapper.application; includeInIndex = 0; path = TimeTracker.app; sourceTree = BUILT_PRODUCTS_DIR; };
		229D2D9F1C4DF25000CB035A /* AppDelegate.swift */ = {isa = PBXFileReference; lastKnownFileType = sourcecode.swift; path = AppDelegate.swift; sourceTree = "<group>"; };
		229D2DA11C4DF25000CB035A /* ViewController.swift */ = {isa = PBXFileReference; lastKnownFileType = sourcecode.swift; path = ViewController.swift; sourceTree = "<group>"; };
		229D2DA41C4DF25000CB035A /* Base */ = {isa = PBXFileReference; lastKnownFileType = file.storyboard; name = Base; path = Base.lproj/Main.storyboard; sourceTree = "<group>"; };
		229D2DA61C4DF25000CB035A /* Assets.xcassets */ = {isa = PBXFileReference; lastKnownFileType = folder.assetcatalog; path = Assets.xcassets; sourceTree = "<group>"; };
		229D2DA91C4DF25000CB035A /* Base */ = {isa = PBXFileReference; lastKnownFileType = file.storyboard; name = Base; path = Base.lproj/LaunchScreen.storyboard; sourceTree = "<group>"; };
		229D2DAB1C4DF25000CB035A /* Info.plist */ = {isa = PBXFileReference; lastKnownFileType = text.plist.xml; path = Info.plist; sourceTree = "<group>"; };
		229D2DB11C4E08D400CB035A /* AppState.swift */ = {isa = PBXFileReference; fileEncoding = 4; lastKnownFileType = sourcecode.swift; path = AppState.swift; sourceTree = "<group>"; };
		229D2DB41C4E0A3F00CB035A /* Realm.framework */ = {isa = PBXFileReference; lastKnownFileType = wrapper.framework; path = Realm.framework; sourceTree = "<group>"; };
		229D2DB51C4E0A3F00CB035A /* RealmSwift.framework */ = {isa = PBXFileReference; lastKnownFileType = wrapper.framework; path = RealmSwift.framework; sourceTree = "<group>"; };
		229D2DBD1C4E0AAB00CB035A /* Models.swift */ = {isa = PBXFileReference; fileEncoding = 4; lastKnownFileType = sourcecode.swift; path = Models.swift; sourceTree = "<group>"; };
/* End PBXFileReference section */

/* Begin PBXFrameworksBuildPhase section */
		229D2D991C4DF25000CB035A /* Frameworks */ = {
			isa = PBXFrameworksBuildPhase;
			buildActionMask = 2147483647;
			files = (
				229D2DBA1C4E0A5400CB035A /* RealmSwift.framework in Frameworks */,
				229D2DB81C4E0A5400CB035A /* Realm.framework in Frameworks */,
			);
			runOnlyForDeploymentPostprocessing = 0;
		};
/* End PBXFrameworksBuildPhase section */

/* Begin PBXGroup section */
		229D2D931C4DF24F00CB035A = {
			isa = PBXGroup;
			children = (
				229D2DB31C4E0A3F00CB035A /* Frameworks */,
				229D2D9E1C4DF25000CB035A /* TimeTracker */,
				229D2D9D1C4DF25000CB035A /* Products */,
			);
			sourceTree = "<group>";
		};
		229D2D9D1C4DF25000CB035A /* Products */ = {
			isa = PBXGroup;
			children = (
				229D2D9C1C4DF25000CB035A /* TimeTracker.app */,
			);
			name = Products;
			sourceTree = "<group>";
		};
		229D2D9E1C4DF25000CB035A /* TimeTracker */ = {
			isa = PBXGroup;
			children = (
				229D2D9F1C4DF25000CB035A /* AppDelegate.swift */,
				229D2DB11C4E08D400CB035A /* AppState.swift */,
				229D2DBD1C4E0AAB00CB035A /* Models.swift */,
				229D2DA11C4DF25000CB035A /* ViewController.swift */,
				229D2DA31C4DF25000CB035A /* Main.storyboard */,
				229D2DA61C4DF25000CB035A /* Assets.xcassets */,
				229D2DA81C4DF25000CB035A /* LaunchScreen.storyboard */,
				229D2DAB1C4DF25000CB035A /* Info.plist */,
			);
			path = TimeTracker;
			sourceTree = "<group>";
		};
		229D2DB31C4E0A3F00CB035A /* Frameworks */ = {
			isa = PBXGroup;
			children = (
				229D2DB41C4E0A3F00CB035A /* Realm.framework */,
				229D2DB51C4E0A3F00CB035A /* RealmSwift.framework */,
			);
			name = Frameworks;
			path = TimeTracker/Frameworks;
			sourceTree = "<group>";
		};
/* End PBXGroup section */

/* Begin PBXNativeTarget section */
		229D2D9B1C4DF25000CB035A /* TimeTracker */ = {
			isa = PBXNativeTarget;
			buildConfigurationList = 229D2DAE1C4DF25000CB035A /* Build configuration list for PBXNativeTarget "TimeTracker" */;
			buildPhases = (
				229D2D981C4DF25000CB035A /* Sources */,
				229D2D991C4DF25000CB035A /* Frameworks */,
				229D2D9A1C4DF25000CB035A /* Resources */,
				229D2DBC1C4E0A5400CB035A /* Embed Frameworks */,
			);
			buildRules = (
			);
			dependencies = (
			);
			name = TimeTracker;
			productName = TimeTracker;
			productReference = 229D2D9C1C4DF25000CB035A /* TimeTracker.app */;
			productType = "com.apple.product-type.application";
		};
/* End PBXNativeTarget section */

/* Begin PBXProject section */
		229D2D941C4DF24F00CB035A /* Project object */ = {
			isa = PBXProject;
			attributes = {
				LastSwiftUpdateCheck = 0720;
				LastUpgradeCheck = 0720;
				ORGANIZATIONNAME = "Realm Inc";
				TargetAttributes = {
					229D2D9B1C4DF25000CB035A = {
						CreatedOnToolsVersion = 7.2;
					};
				};
			};
			buildConfigurationList = 229D2D971C4DF24F00CB035A /* Build configuration list for PBXProject "TimeTracker" */;
			compatibilityVersion = "Xcode 3.2";
			developmentRegion = English;
			hasScannedForEncodings = 0;
			knownRegions = (
				en,
				Base,
			);
			mainGroup = 229D2D931C4DF24F00CB035A;
			productRefGroup = 229D2D9D1C4DF25000CB035A /* Products */;
			projectDirPath = "";
			projectRoot = "";
			targets = (
				229D2D9B1C4DF25000CB035A /* TimeTracker */,
			);
		};
/* End PBXProject section */

/* Begin PBXResourcesBuildPhase section */
		229D2D9A1C4DF25000CB035A /* Resources */ = {
			isa = PBXResourcesBuildPhase;
			buildActionMask = 2147483647;
			files = (
				229D2DAA1C4DF25000CB035A /* LaunchScreen.storyboard in Resources */,
				229D2DA71C4DF25000CB035A /* Assets.xcassets in Resources */,
				229D2DA51C4DF25000CB035A /* Main.storyboard in Resources */,
			);
			runOnlyForDeploymentPostprocessing = 0;
		};
/* End PBXResourcesBuildPhase section */

/* Begin PBXSourcesBuildPhase section */
		229D2D981C4DF25000CB035A /* Sources */ = {
			isa = PBXSourcesBuildPhase;
			buildActionMask = 2147483647;
			files = (
				229D2DB21C4E08D400CB035A /* AppState.swift in Sources */,
				229D2DA21C4DF25000CB035A /* ViewController.swift in Sources */,
				229D2DA01C4DF25000CB035A /* AppDelegate.swift in Sources */,
				229D2DBE1C4E0AAB00CB035A /* Models.swift in Sources */,
			);
			runOnlyForDeploymentPostprocessing = 0;
		};
/* End PBXSourcesBuildPhase section */

/* Begin PBXVariantGroup section */
		229D2DA31C4DF25000CB035A /* Main.storyboard */ = {
			isa = PBXVariantGroup;
			children = (
				229D2DA41C4DF25000CB035A /* Base */,
			);
			name = Main.storyboard;
			sourceTree = "<group>";
		};
		229D2DA81C4DF25000CB035A /* LaunchScreen.storyboard */ = {
			isa = PBXVariantGroup;
			children = (
				229D2DA91C4DF25000CB035A /* Base */,
			);
			name = LaunchScreen.storyboard;
			sourceTree = "<group>";
		};
/* End PBXVariantGroup section */

/* Begin XCBuildConfiguration section */
		229D2DAC1C4DF25000CB035A /* Debug */ = {
			isa = XCBuildConfiguration;
			buildSettings = {
				ALWAYS_SEARCH_USER_PATHS = NO;
				CLANG_CXX_LANGUAGE_STANDARD = "gnu++0x";
				CLANG_CXX_LIBRARY = "libc++";
				CLANG_ENABLE_MODULES = YES;
				CLANG_ENABLE_OBJC_ARC = YES;
				CLANG_WARN_BOOL_CONVERSION = YES;
				CLANG_WARN_CONSTANT_CONVERSION = YES;
				CLANG_WARN_DIRECT_OBJC_ISA_USAGE = YES_ERROR;
				CLANG_WARN_EMPTY_BODY = YES;
				CLANG_WARN_ENUM_CONVERSION = YES;
				CLANG_WARN_INT_CONVERSION = YES;
				CLANG_WARN_OBJC_ROOT_CLASS = YES_ERROR;
				CLANG_WARN_UNREACHABLE_CODE = YES;
				CLANG_WARN__DUPLICATE_METHOD_MATCH = YES;
				"CODE_SIGN_IDENTITY[sdk=iphoneos*]" = "iPhone Developer";
				COPY_PHASE_STRIP = NO;
				DEBUG_INFORMATION_FORMAT = dwarf;
				ENABLE_STRICT_OBJC_MSGSEND = YES;
				ENABLE_TESTABILITY = YES;
				GCC_C_LANGUAGE_STANDARD = gnu99;
				GCC_DYNAMIC_NO_PIC = NO;
				GCC_NO_COMMON_BLOCKS = YES;
				GCC_OPTIMIZATION_LEVEL = 0;
				GCC_PREPROCESSOR_DEFINITIONS = (
					"DEBUG=1",
					"$(inherited)",
				);
				GCC_WARN_64_TO_32_BIT_CONVERSION = YES;
				GCC_WARN_ABOUT_RETURN_TYPE = YES_ERROR;
				GCC_WARN_UNDECLARED_SELECTOR = YES;
				GCC_WARN_UNINITIALIZED_AUTOS = YES_AGGRESSIVE;
				GCC_WARN_UNUSED_FUNCTION = YES;
				GCC_WARN_UNUSED_VARIABLE = YES;
				IPHONEOS_DEPLOYMENT_TARGET = 9.2;
				MTL_ENABLE_DEBUG_INFO = YES;
				ONLY_ACTIVE_ARCH = YES;
				SDKROOT = iphoneos;
				SWIFT_OPTIMIZATION_LEVEL = "-Onone";
			};
			name = Debug;
		};
		229D2DAD1C4DF25000CB035A /* Release */ = {
			isa = XCBuildConfiguration;
			buildSettings = {
				ALWAYS_SEARCH_USER_PATHS = NO;
				CLANG_CXX_LANGUAGE_STANDARD = "gnu++0x";
				CLANG_CXX_LIBRARY = "libc++";
				CLANG_ENABLE_MODULES = YES;
				CLANG_ENABLE_OBJC_ARC = YES;
				CLANG_WARN_BOOL_CONVERSION = YES;
				CLANG_WARN_CONSTANT_CONVERSION = YES;
				CLANG_WARN_DIRECT_OBJC_ISA_USAGE = YES_ERROR;
				CLANG_WARN_EMPTY_BODY = YES;
				CLANG_WARN_ENUM_CONVERSION = YES;
				CLANG_WARN_INT_CONVERSION = YES;
				CLANG_WARN_OBJC_ROOT_CLASS = YES_ERROR;
				CLANG_WARN_UNREACHABLE_CODE = YES;
				CLANG_WARN__DUPLICATE_METHOD_MATCH = YES;
				"CODE_SIGN_IDENTITY[sdk=iphoneos*]" = "iPhone Developer";
				COPY_PHASE_STRIP = NO;
				DEBUG_INFORMATION_FORMAT = "dwarf-with-dsym";
				ENABLE_NS_ASSERTIONS = NO;
				ENABLE_STRICT_OBJC_MSGSEND = YES;
				GCC_C_LANGUAGE_STANDARD = gnu99;
				GCC_NO_COMMON_BLOCKS = YES;
				GCC_WARN_64_TO_32_BIT_CONVERSION = YES;
				GCC_WARN_ABOUT_RETURN_TYPE = YES_ERROR;
				GCC_WARN_UNDECLARED_SELECTOR = YES;
				GCC_WARN_UNINITIALIZED_AUTOS = YES_AGGRESSIVE;
				GCC_WARN_UNUSED_FUNCTION = YES;
				GCC_WARN_UNUSED_VARIABLE = YES;
				IPHONEOS_DEPLOYMENT_TARGET = 9.2;
				MTL_ENABLE_DEBUG_INFO = NO;
				SDKROOT = iphoneos;
				VALIDATE_PRODUCT = YES;
			};
			name = Release;
		};
		229D2DAF1C4DF25000CB035A /* Debug */ = {
			isa = XCBuildConfiguration;
			buildSettings = {
				ASSETCATALOG_COMPILER_APPICON_NAME = AppIcon;
				FRAMEWORK_SEARCH_PATHS = (
					"$(inherited)",
					"$(PROJECT_DIR)/TimeTracker/Frameworks",
				);
				INFOPLIST_FILE = TimeTracker/Info.plist;
				LD_RUNPATH_SEARCH_PATHS = "$(inherited) @executable_path/Frameworks";
				PRODUCT_BUNDLE_IDENTIFIER = io.realm.TimeTracker;
				PRODUCT_NAME = "$(TARGET_NAME)";
			};
			name = Debug;
		};
		229D2DB01C4DF25000CB035A /* Release */ = {
			isa = XCBuildConfiguration;
			buildSettings = {
				ASSETCATALOG_COMPILER_APPICON_NAME = AppIcon;
				FRAMEWORK_SEARCH_PATHS = (
					"$(inherited)",
					"$(PROJECT_DIR)/TimeTracker/Frameworks",
				);
				INFOPLIST_FILE = TimeTracker/Info.plist;
				LD_RUNPATH_SEARCH_PATHS = "$(inherited) @executable_path/Frameworks";
				PRODUCT_BUNDLE_IDENTIFIER = io.realm.TimeTracker;
				PRODUCT_NAME = "$(TARGET_NAME)";
			};
			name = Release;
		};
/* End XCBuildConfiguration section */

/* Begin XCConfigurationList section */
		229D2D971C4DF24F00CB035A /* Build configuration list for PBXProject "TimeTracker" */ = {
			isa = XCConfigurationList;
			buildConfigurations = (
				229D2DAC1C4DF25000CB035A /* Debug */,
				229D2DAD1C4DF25000CB035A /* Release */,
			);
			defaultConfigurationIsVisible = 0;
			defaultConfigurationName = Release;
		};
		229D2DAE1C4DF25000CB035A /* Build configuration list for PBXNativeTarget "TimeTracker" */ = {
			isa = XCConfigurationList;
			buildConfigurations = (
				229D2DAF1C4DF25000CB035A /* Debug */,
				229D2DB01C4DF25000CB035A /* Release */,
			);
			defaultConfigurationIsVisible = 0;
			defaultConfigurationName = Release;
		};
/* End XCConfigurationList section */
	};
	rootObject = 229D2D941C4DF24F00CB035A /* Project object */;
}
